dependencies:
- name: jaws
  repository: https://agriuseatstweets.github.io/charts
  version: 0.0.1
- name: claws
  repository: https://agriuseatstweets.github.io/charts
  version: 0.0.1
- name: belly
  repository: https://agriuseatstweets.github.io/charts
  version: 0.0.4
- name: belly
  repository: https://agriuseatstweets.github.io/charts
  version: 0.0.4
- name: bellyback
  repository: https://agriuseatstweets.github.io/charts
  version: 0.0.4
- name: bellyback
  repository: https://agriuseatstweets.github.io/charts
  version: 0.0.4
- name: kafka
  repository: https://storage.googleapis.com/kubernetes-charts-incubator
  version: 0.20.8
- name: elasticsearch
  repository: https://kubernetes-charts.storage.googleapis.com
  version: 1.24.0
- name: kibana
  repository: https://kubernetes-charts.storage.googleapis.com
  version: 2.2.0
- name: logstash
  repository: ""
  version: 0.1.0
digest: sha256:c63cfb06bf19e78313c6c559240c3854f3e53ff8ab28d82dfac9ce7923d0a061
generated: "2020-02-02T15:17:05.232717142+01:00"
