dependencies:
- name: jaws
  repository: https://agriuseatstweets.github.io/charts
  version: 0.0.1
- name: claws
  repository: https://agriuseatstweets.github.io/charts
  version: 0.0.3
- name: belly
  repository: https://agriuseatstweets.github.io/charts
  version: 0.0.10
- name: belly
  repository: https://agriuseatstweets.github.io/charts
  version: 0.0.10
- name: kafka-exporter
  repository: https://agriuseatstweets.github.io/charts
  version: 1.0.0
- name: elasticsearch
  repository: https://kubernetes-charts.storage.googleapis.com
  version: 1.24.0
- name: kibana
  repository: https://kubernetes-charts.storage.googleapis.com
  version: 2.2.0
- name: logstash
  repository: ""
  version: 0.1.0
digest: sha256:efc621d67d3a01deca9d26e136bded54312dee7474f5f68b04eae1bf74572299
generated: "2020-02-19T00:46:58.522017369+01:00"
