dependencies:
- name: dig
  repository: https://agriuseatstweets.github.io/charts
  version: 0.0.3
- name: redis
  repository: https://kubernetes-charts.storage.googleapis.com
  version: 10.5.6
- name: jaws
  repository: https://agriuseatstweets.github.io/charts
  version: 0.0.1
- name: claws
  repository: https://agriuseatstweets.github.io/charts
  version: 0.0.5
- name: belly
  repository: https://agriuseatstweets.github.io/charts
  version: 0.0.10
- name: belly
  repository: https://agriuseatstweets.github.io/charts
  version: 0.0.10
- name: elasticsearch
  repository: https://kubernetes-charts.storage.googleapis.com
  version: 1.24.0
- name: kibana
  repository: https://kubernetes-charts.storage.googleapis.com
  version: 2.2.0
- name: logstash
  repository: ""
  version: 0.1.0
digest: sha256:67620bdefd75c07c6c4b73fab0c420eb82008cfe2664d53cdb3ab53a1511d2d8
generated: "2020-03-30T20:38:31.197648056+02:00"
